
Microsoft Visual Studio Solution File, Format Version 12.00
# Visual Studio Version 16
VisualStudioVersion = 16.0.29613.14
MinimumVisualStudioVersion = 10.0.40219.1
Project("{FAE04EC0-301F-11D3-BF4B-00C04F79EFBC}") = "Ionplus.Garuda", "Ionplus.Garuda\Ionplus.Garuda.csproj", "{65E86292-773F-4CDA-BA2D-F04B4CAA0E6C}"
EndProject
Global
	GlobalSection(SolutionConfigurationPlatforms) = preSolution
		Debug|Any CPU = Debug|Any CPU
		Release|Any CPU = Release|Any CPU
	EndGlobalSection
	GlobalSection(ProjectConfigurationPlatforms) = postSolution
		{65E86292-773F-4CDA-BA2D-F04B4CAA0E6C}.Debug|Any CPU.ActiveCfg = Debug|Any CPU
		{65E86292-773F-4CDA-BA2D-F04B4CAA0E6C}.Debug|Any CPU.Build.0 = Debug|Any CPU
		{65E86292-773F-4CDA-BA2D-F04B4CAA0E6C}.Release|Any CPU.ActiveCfg = Release|Any CPU
		{65E86292-773F-4CDA-BA2D-F04B4CAA0E6C}.Release|Any CPU.Build.0 = Release|Any CPU
	EndGlobalSection
	GlobalSection(SolutionProperties) = preSolution
		HideSolutionNode = FALSE
	EndGlobalSection
	GlobalSection(ExtensibilityGlobals) = postSolution
		SolutionGuid = {D45B59AA-139F-4C4F-9C86-2F6188B4FC67}
	EndGlobalSection
EndGlobal
